
Microsoft Visual Studio Solution File, Format Version 12.00
# Visual Studio Version 17
VisualStudioVersion = 17.4.33403.182
MinimumVisualStudioVersion = 10.0.40219.1
Project("{8BC9CEB8-8B4A-11D0-8D11-00A0C91BC942}") = "Shapes", "Shapes\Shapes.vcxproj", "{8A5B0A09-387F-4E38-B53F-314E3B662D5B}"
EndProject
Project("{8BC9CEB8-8B4A-11D0-8D11-00A0C91BC942}") = "ShapesTests", "ShapesTests\ShapesTests.vcxproj", "{2B91296A-E008-4B7C-A535-72FC18905142}"
EndProject
Global
	GlobalSection(SolutionConfigurationPlatforms) = preSolution
		Debug|x64 = Debug|x64
		Debug|x86 = Debug|x86
		Release|x64 = Release|x64
		Release|x86 = Release|x86
	EndGlobalSection
	GlobalSection(ProjectConfigurationPlatforms) = postSolution
		{8A5B0A09-387F-4E38-B53F-314E3B662D5B}.Debug|x64.ActiveCfg = Debug|x64
		{8A5B0A09-387F-4E38-B53F-314E3B662D5B}.Debug|x64.Build.0 = Debug|x64
		{8A5B0A09-387F-4E38-B53F-314E3B662D5B}.Debug|x86.ActiveCfg = Debug|Win32
		{8A5B0A09-387F-4E38-B53F-314E3B662D5B}.Debug|x86.Build.0 = Debug|Win32
		{8A5B0A09-387F-4E38-B53F-314E3B662D5B}.Release|x64.ActiveCfg = Release|x64
		{8A5B0A09-387F-4E38-B53F-314E3B662D5B}.Release|x64.Build.0 = Release|x64
		{8A5B0A09-387F-4E38-B53F-314E3B662D5B}.Release|x86.ActiveCfg = Release|Win32
		{8A5B0A09-387F-4E38-B53F-314E3B662D5B}.Release|x86.Build.0 = Release|Win32
		{2B91296A-E008-4B7C-A535-72FC18905142}.Debug|x64.ActiveCfg = Debug|x64
		{2B91296A-E008-4B7C-A535-72FC18905142}.Debug|x64.Build.0 = Debug|x64
		{2B91296A-E008-4B7C-A535-72FC18905142}.Debug|x86.ActiveCfg = Debug|Win32
		{2B91296A-E008-4B7C-A535-72FC18905142}.Debug|x86.Build.0 = Debug|Win32
		{2B91296A-E008-4B7C-A535-72FC18905142}.Release|x64.ActiveCfg = Release|x64
		{2B91296A-E008-4B7C-A535-72FC18905142}.Release|x64.Build.0 = Release|x64
		{2B91296A-E008-4B7C-A535-72FC18905142}.Release|x86.ActiveCfg = Release|Win32
		{2B91296A-E008-4B7C-A535-72FC18905142}.Release|x86.Build.0 = Release|Win32
	EndGlobalSection
	GlobalSection(SolutionProperties) = preSolution
		HideSolutionNode = FALSE
	EndGlobalSection
	GlobalSection(ExtensibilityGlobals) = postSolution
		SolutionGuid = {81BF5AF1-8139-4638-A4D0-F1202E8F658D}
	EndGlobalSection
EndGlobal
