
Microsoft Visual Studio Solution File, Format Version 12.00
# Visual Studio Version 17
VisualStudioVersion = 17.4.33403.182
MinimumVisualStudioVersion = 10.0.40219.1
Project("{8BC9CEB8-8B4A-11D0-8D11-00A0C91BC942}") = "StringStack", "StringStack\StringStack.vcxproj", "{9C6A22B6-8BA8-4440-936B-DE51D88A9DA4}"
EndProject
Project("{8BC9CEB8-8B4A-11D0-8D11-00A0C91BC942}") = "StringStackTests", "StringStackTests\StringStackTests.vcxproj", "{876657DD-31C2-4A3C-9CF4-923ACDD89AD0}"
EndProject
Global
	GlobalSection(SolutionConfigurationPlatforms) = preSolution
		Debug|x64 = Debug|x64
		Debug|x86 = Debug|x86
		Release|x64 = Release|x64
		Release|x86 = Release|x86
	EndGlobalSection
	GlobalSection(ProjectConfigurationPlatforms) = postSolution
		{9C6A22B6-8BA8-4440-936B-DE51D88A9DA4}.Debug|x64.ActiveCfg = Debug|x64
		{9C6A22B6-8BA8-4440-936B-DE51D88A9DA4}.Debug|x64.Build.0 = Debug|x64
		{9C6A22B6-8BA8-4440-936B-DE51D88A9DA4}.Debug|x86.ActiveCfg = Debug|Win32
		{9C6A22B6-8BA8-4440-936B-DE51D88A9DA4}.Debug|x86.Build.0 = Debug|Win32
		{9C6A22B6-8BA8-4440-936B-DE51D88A9DA4}.Release|x64.ActiveCfg = Release|x64
		{9C6A22B6-8BA8-4440-936B-DE51D88A9DA4}.Release|x64.Build.0 = Release|x64
		{9C6A22B6-8BA8-4440-936B-DE51D88A9DA4}.Release|x86.ActiveCfg = Release|Win32
		{9C6A22B6-8BA8-4440-936B-DE51D88A9DA4}.Release|x86.Build.0 = Release|Win32
		{876657DD-31C2-4A3C-9CF4-923ACDD89AD0}.Debug|x64.ActiveCfg = Debug|x64
		{876657DD-31C2-4A3C-9CF4-923ACDD89AD0}.Debug|x64.Build.0 = Debug|x64
		{876657DD-31C2-4A3C-9CF4-923ACDD89AD0}.Debug|x86.ActiveCfg = Debug|Win32
		{876657DD-31C2-4A3C-9CF4-923ACDD89AD0}.Debug|x86.Build.0 = Debug|Win32
		{876657DD-31C2-4A3C-9CF4-923ACDD89AD0}.Release|x64.ActiveCfg = Release|x64
		{876657DD-31C2-4A3C-9CF4-923ACDD89AD0}.Release|x64.Build.0 = Release|x64
		{876657DD-31C2-4A3C-9CF4-923ACDD89AD0}.Release|x86.ActiveCfg = Release|Win32
		{876657DD-31C2-4A3C-9CF4-923ACDD89AD0}.Release|x86.Build.0 = Release|Win32
	EndGlobalSection
	GlobalSection(SolutionProperties) = preSolution
		HideSolutionNode = FALSE
	EndGlobalSection
	GlobalSection(ExtensibilityGlobals) = postSolution
		SolutionGuid = {565A4921-9E22-46BC-8394-8DC99807B12B}
	EndGlobalSection
EndGlobal
