
Microsoft Visual Studio Solution File, Format Version 12.00
# Visual Studio Version 17
VisualStudioVersion = 17.4.33403.182
MinimumVisualStudioVersion = 10.0.40219.1
Project("{8BC9CEB8-8B4A-11D0-8D11-00A0C91BC942}") = "ShapesVizualization", "ShapesVizualization\ShapesVizualization.vcxproj", "{8FB062F6-783C-41BF-9451-D48CA43D3258}"
EndProject
Global
	GlobalSection(SolutionConfigurationPlatforms) = preSolution
		Debug|x64 = Debug|x64
		Debug|x86 = Debug|x86
		Release|x64 = Release|x64
		Release|x86 = Release|x86
	EndGlobalSection
	GlobalSection(ProjectConfigurationPlatforms) = postSolution
		{8FB062F6-783C-41BF-9451-D48CA43D3258}.Debug|x64.ActiveCfg = Debug|x64
		{8FB062F6-783C-41BF-9451-D48CA43D3258}.Debug|x64.Build.0 = Debug|x64
		{8FB062F6-783C-41BF-9451-D48CA43D3258}.Debug|x86.ActiveCfg = Debug|Win32
		{8FB062F6-783C-41BF-9451-D48CA43D3258}.Debug|x86.Build.0 = Debug|Win32
		{8FB062F6-783C-41BF-9451-D48CA43D3258}.Release|x64.ActiveCfg = Release|x64
		{8FB062F6-783C-41BF-9451-D48CA43D3258}.Release|x64.Build.0 = Release|x64
		{8FB062F6-783C-41BF-9451-D48CA43D3258}.Release|x86.ActiveCfg = Release|Win32
		{8FB062F6-783C-41BF-9451-D48CA43D3258}.Release|x86.Build.0 = Release|Win32
	EndGlobalSection
	GlobalSection(SolutionProperties) = preSolution
		HideSolutionNode = FALSE
	EndGlobalSection
	GlobalSection(ExtensibilityGlobals) = postSolution
		SolutionGuid = {664891AB-7819-4FB2-AFEE-CA57EDFC5B86}
	EndGlobalSection
EndGlobal
