
Microsoft Visual Studio Solution File, Format Version 12.00
# Visual Studio Version 17
VisualStudioVersion = 17.4.33403.182
MinimumVisualStudioVersion = 10.0.40219.1
Project("{8BC9CEB8-8B4A-11D0-8D11-00A0C91BC942}") = "MyList", "MyList\MyList.vcxproj", "{F05E9A51-D2CD-47B7-B55C-68563894A2C2}"
EndProject
Project("{8BC9CEB8-8B4A-11D0-8D11-00A0C91BC942}") = "MyListTests", "MyListTests\MyListTests.vcxproj", "{308ECBCB-236A-424F-948F-C9304F8501B4}"
EndProject
Global
	GlobalSection(SolutionConfigurationPlatforms) = preSolution
		Debug|x64 = Debug|x64
		Debug|x86 = Debug|x86
		Release|x64 = Release|x64
		Release|x86 = Release|x86
	EndGlobalSection
	GlobalSection(ProjectConfigurationPlatforms) = postSolution
		{F05E9A51-D2CD-47B7-B55C-68563894A2C2}.Debug|x64.ActiveCfg = Debug|x64
		{F05E9A51-D2CD-47B7-B55C-68563894A2C2}.Debug|x64.Build.0 = Debug|x64
		{F05E9A51-D2CD-47B7-B55C-68563894A2C2}.Debug|x86.ActiveCfg = Debug|Win32
		{F05E9A51-D2CD-47B7-B55C-68563894A2C2}.Debug|x86.Build.0 = Debug|Win32
		{F05E9A51-D2CD-47B7-B55C-68563894A2C2}.Release|x64.ActiveCfg = Release|x64
		{F05E9A51-D2CD-47B7-B55C-68563894A2C2}.Release|x64.Build.0 = Release|x64
		{F05E9A51-D2CD-47B7-B55C-68563894A2C2}.Release|x86.ActiveCfg = Release|Win32
		{F05E9A51-D2CD-47B7-B55C-68563894A2C2}.Release|x86.Build.0 = Release|Win32
		{308ECBCB-236A-424F-948F-C9304F8501B4}.Debug|x64.ActiveCfg = Debug|x64
		{308ECBCB-236A-424F-948F-C9304F8501B4}.Debug|x64.Build.0 = Debug|x64
		{308ECBCB-236A-424F-948F-C9304F8501B4}.Debug|x86.ActiveCfg = Debug|Win32
		{308ECBCB-236A-424F-948F-C9304F8501B4}.Debug|x86.Build.0 = Debug|Win32
		{308ECBCB-236A-424F-948F-C9304F8501B4}.Release|x64.ActiveCfg = Release|x64
		{308ECBCB-236A-424F-948F-C9304F8501B4}.Release|x64.Build.0 = Release|x64
		{308ECBCB-236A-424F-948F-C9304F8501B4}.Release|x86.ActiveCfg = Release|Win32
		{308ECBCB-236A-424F-948F-C9304F8501B4}.Release|x86.Build.0 = Release|Win32
	EndGlobalSection
	GlobalSection(SolutionProperties) = preSolution
		HideSolutionNode = FALSE
	EndGlobalSection
	GlobalSection(ExtensibilityGlobals) = postSolution
		SolutionGuid = {5101F61C-E3D6-4AE0-B397-3B65D998CB34}
	EndGlobalSection
EndGlobal
